
Microsoft Visual Studio Solution File, Format Version 12.00
# Visual Studio Version 17
VisualStudioVersion = 17.12.35728.132
MinimumVisualStudioVersion = 10.0.40219.1
Project("{FAE04EC0-301F-11D3-BF4B-00C04F79EFBC}") = "CodeChallenge", "CodeChallenge\CodeChallenge.csproj", "{D81B388D-6DC3-4FF4-8B10-5C3C0A24598C}"
EndProject
Project("{FAE04EC0-301F-11D3-BF4B-00C04F79EFBC}") = "CodeChallenge.Tests", "CodeChallenge.Tests\CodeChallenge.Tests.csproj", "{B2914AC1-29EF-488C-A48B-753754D22F67}"
EndProject
Global
	GlobalSection(SolutionConfigurationPlatforms) = preSolution
		Debug|Any CPU = Debug|Any CPU
		Release|Any CPU = Release|Any CPU
	EndGlobalSection
	GlobalSection(ProjectConfigurationPlatforms) = postSolution
		{D81B388D-6DC3-4FF4-8B10-5C3C0A24598C}.Debug|Any CPU.ActiveCfg = Debug|Any CPU
		{D81B388D-6DC3-4FF4-8B10-5C3C0A24598C}.Debug|Any CPU.Build.0 = Debug|Any CPU
		{D81B388D-6DC3-4FF4-8B10-5C3C0A24598C}.Release|Any CPU.ActiveCfg = Release|Any CPU
		{D81B388D-6DC3-4FF4-8B10-5C3C0A24598C}.Release|Any CPU.Build.0 = Release|Any CPU
		{B2914AC1-29EF-488C-A48B-753754D22F67}.Debug|Any CPU.ActiveCfg = Debug|Any CPU
		{B2914AC1-29EF-488C-A48B-753754D22F67}.Debug|Any CPU.Build.0 = Debug|Any CPU
		{B2914AC1-29EF-488C-A48B-753754D22F67}.Release|Any CPU.ActiveCfg = Release|Any CPU
		{B2914AC1-29EF-488C-A48B-753754D22F67}.Release|Any CPU.Build.0 = Release|Any CPU
	EndGlobalSection
	GlobalSection(SolutionProperties) = preSolution
		HideSolutionNode = FALSE
	EndGlobalSection
EndGlobal
